
Microsoft Visual Studio Solution File, Format Version 12.00
# Visual Studio 15
VisualStudioVersion = 15.0.28307.902
MinimumVisualStudioVersion = 10.0.40219.1
Project("{FAE04EC0-301F-11D3-BF4B-00C04F79EFBC}") = "ERP.Inventory", "ERP.Inventory\ERP.Inventory.csproj", "{235AA9FD-0A5B-431A-853B-500C32C0DCFC}"
EndProject
Project("{FAE04EC0-301F-11D3-BF4B-00C04F79EFBC}") = "Helper", "..\..\..\Desktop\inventories\InventoryAPI4\Helper\Helper.csproj", "{36EA3F0D-4906-4EDA-AE1E-1ABCC0791879}"
EndProject
Project("{FAE04EC0-301F-11D3-BF4B-00C04F79EFBC}") = "Inventory.Domain", "..\..\..\Desktop\inventories\InventoryAPI4\Inventory Domain Layer\Inventory.Domain.csproj", "{B4FD9A3C-DFF1-42E3-AF45-7F914929E280}"
EndProject
Global
	GlobalSection(SolutionConfigurationPlatforms) = preSolution
		Debug|Any CPU = Debug|Any CPU
		Release|Any CPU = Release|Any CPU
	EndGlobalSection
	GlobalSection(ProjectConfigurationPlatforms) = postSolution
		{235AA9FD-0A5B-431A-853B-500C32C0DCFC}.Debug|Any CPU.ActiveCfg = Debug|Any CPU
		{235AA9FD-0A5B-431A-853B-500C32C0DCFC}.Debug|Any CPU.Build.0 = Debug|Any CPU
		{235AA9FD-0A5B-431A-853B-500C32C0DCFC}.Release|Any CPU.ActiveCfg = Release|Any CPU
		{235AA9FD-0A5B-431A-853B-500C32C0DCFC}.Release|Any CPU.Build.0 = Release|Any CPU
		{36EA3F0D-4906-4EDA-AE1E-1ABCC0791879}.Debug|Any CPU.ActiveCfg = Debug|Any CPU
		{36EA3F0D-4906-4EDA-AE1E-1ABCC0791879}.Debug|Any CPU.Build.0 = Debug|Any CPU
		{36EA3F0D-4906-4EDA-AE1E-1ABCC0791879}.Release|Any CPU.ActiveCfg = Release|Any CPU
		{36EA3F0D-4906-4EDA-AE1E-1ABCC0791879}.Release|Any CPU.Build.0 = Release|Any CPU
		{B4FD9A3C-DFF1-42E3-AF45-7F914929E280}.Debug|Any CPU.ActiveCfg = Debug|Any CPU
		{B4FD9A3C-DFF1-42E3-AF45-7F914929E280}.Debug|Any CPU.Build.0 = Debug|Any CPU
		{B4FD9A3C-DFF1-42E3-AF45-7F914929E280}.Release|Any CPU.ActiveCfg = Release|Any CPU
		{B4FD9A3C-DFF1-42E3-AF45-7F914929E280}.Release|Any CPU.Build.0 = Release|Any CPU
	EndGlobalSection
	GlobalSection(SolutionProperties) = preSolution
		HideSolutionNode = FALSE
	EndGlobalSection
	GlobalSection(ExtensibilityGlobals) = postSolution
		SolutionGuid = {A9B08E10-43C8-448E-A93A-84A34BD1DF1B}
	EndGlobalSection
EndGlobal
